
Microsoft Visual Studio Solution File, Format Version 12.00
# Visual Studio Version 17
VisualStudioVersion = 17.11.35222.181
MinimumVisualStudioVersion = 10.0.40219.1
Project("{9A19103F-16F7-4668-BE54-9A1E7A4F7556}") = "ExcelOutOfProcessRdtServer", "ExcelOutOfProcessRdtServer\ExcelOutOfProcessRdtServer.csproj", "{9CBF0759-FF87-45CC-9DD7-43EBFFB75F21}"
EndProject
Global
	GlobalSection(SolutionConfigurationPlatforms) = preSolution
		Debug|Any CPU = Debug|Any CPU
		Release|Any CPU = Release|Any CPU
	EndGlobalSection
	GlobalSection(ProjectConfigurationPlatforms) = postSolution
		{9CBF0759-FF87-45CC-9DD7-43EBFFB75F21}.Debug|Any CPU.ActiveCfg = Debug|Any CPU
		{9CBF0759-FF87-45CC-9DD7-43EBFFB75F21}.Debug|Any CPU.Build.0 = Debug|Any CPU
		{9CBF0759-FF87-45CC-9DD7-43EBFFB75F21}.Release|Any CPU.ActiveCfg = Release|Any CPU
		{9CBF0759-FF87-45CC-9DD7-43EBFFB75F21}.Release|Any CPU.Build.0 = Release|Any CPU
	EndGlobalSection
	GlobalSection(SolutionProperties) = preSolution
		HideSolutionNode = FALSE
	EndGlobalSection
	GlobalSection(ExtensibilityGlobals) = postSolution
		SolutionGuid = {7BA1CEFB-0304-4381-9D64-178DACB41B27}
	EndGlobalSection
EndGlobal
